PODS:
  - ScrollableStackView (1.0.4)

DEPENDENCIES:
  - ScrollableStackView (from `../`)

EXTERNAL SOURCES:
  ScrollableStackView:
    :path: ../

SPEC CHECKSUMS:
  ScrollableStackView: be1a46f54260ed12f5e15f4f1bde6306429a4e94

PODFILE CHECKSUM: 11b6e25572eba10d16fe6b69e2000c4b1bc5f510

COCOAPODS: 1.4.0
